// !$*UTF8*$!
{
	archiveVersion = 1;
	classes = {
	};
	objectVersion = 46;
	objects = {

/* Begin PBXBuildFile section */
		35186838196B1052003AE419 /* Foundation.framework in Frameworks */ = {isa = PBXBuildFile; fileRef = 35186837196B1052003AE419 /* Foundation.framework */; };
		3518683A196B1052003AE419 /* CoreGraphics.framework in Frameworks */ = {isa = PBXBuildFile; fileRef = 35186839196B1052003AE419 /* CoreGraphics.framework */; };
		3518683C196B1052003AE419 /* UIKit.framework in Frameworks */ = {isa = PBXBuildFile; fileRef = 3518683B196B1052003AE419 /* UIKit.framework */; };
		35186842196B1052003AE419 /* InfoPlist.strings in Resources */ = {isa = PBXBuildFile; fileRef = 35186840196B1052003AE419 /* InfoPlist.strings */; };
		35186844196B1052003AE419 /* main.m in Sources */ = {isa = PBXBuildFile; fileRef = 35186843196B1052003AE419 /* main.m */; };
		35186848196B1052003AE419 /* AppDelegate.m in Sources */ = {isa = PBXBuildFile; fileRef = 35186847196B1052003AE419 /* AppDelegate.m */; };
		3518684A196B1052003AE419 /* Images.xcassets in Resources */ = {isa = PBXBuildFile; fileRef = 35186849196B1052003AE419 /* Images.xcassets */; };
		35186851196B1052003AE419 /* XCTest.framework in Frameworks */ = {isa = PBXBuildFile; fileRef = 35186850196B1052003AE419 /* XCTest.framework */; };
		35186852196B1052003AE419 /* Foundation.framework in Frameworks */ = {isa = PBXBuildFile; fileRef = 35186837196B1052003AE419 /* Foundation.framework */; };
		35186853196B1052003AE419 /* UIKit.framework in Frameworks */ = {isa = PBXBuildFile; fileRef = 3518683B196B1052003AE419 /* UIKit.framework */; };
		3518685B196B1052003AE419 /* InfoPlist.strings in Resources */ = {isa = PBXBuildFile; fileRef = 35186859196B1052003AE419 /* InfoPlist.strings */; };
		3518685D196B1052003AE419 /* UITableViewTests.m in Sources */ = {isa = PBXBuildFile; fileRef = 3518685C196B1052003AE419 /* UITableViewTests.m */; };
/* End PBXBuildFile section */

/* Begin PBXContainerItemProxy section */
		35186854196B1052003AE419 /* PBXContainerItemProxy */ = {
			isa = PBXContainerItemProxy;
			containerPortal = 3518682C196B1052003AE419 /* Project object */;
			proxyType = 1;
			remoteGlobalIDString = 35186833196B1052003AE419;
			remoteInfo = UITableView;
		};
/* End PBXContainerItemProxy section */

/* Begin PBXFileReference section */
		35186834196B1052003AE419 /* UITableView.app */ = {isa = PBXFileReference; explicitFileType = wrapper.application; includeInIndex = 0; path = UITableView.app; sourceTree = BUILT_PRODUCTS_DIR; };
		35186837196B1052003AE419 /* Foundation.framework */ = {isa = PBXFileReference; lastKnownFileType = wrapper.framework; name = Foundation.framework; path = System/Library/Frameworks/Foundation.framework; sourceTree = SDKROOT; };
		35186839196B1052003AE419 /* CoreGraphics.framework */ = {isa = PBXFileReference; lastKnownFileType = wrapper.framework; name = CoreGraphics.framework; path = System/Library/Frameworks/CoreGraphics.framework; sourceTree = SDKROOT; };
		3518683B196B1052003AE419 /* UIKit.framework */ = {isa = PBXFileReference; lastKnownFileType = wrapper.framework; name = UIKit.framework; path = System/Library/Frameworks/UIKit.framework; sourceTree = SDKROOT; };
		3518683F196B1052003AE419 /* UITableView-Info.plist */ = {isa = PBXFileReference; lastKnownFileType = text.plist.xml; path = "UITableView-Info.plist"; sourceTree = "<group>"; };
		35186841196B1052003AE419 /* en */ = {isa = PBXFileReference; lastKnownFileType = text.plist.strings; name = en; path = en.lproj/InfoPlist.strings; sourceTree = "<group>"; };
		35186843196B1052003AE419 /* main.m */ = {isa = PBXFileReference; lastKnownFileType = sourcecode.c.objc; path = main.m; sourceTree = "<group>"; };
		35186845196B1052003AE419 /* UITableView-Prefix.pch */ = {isa = PBXFileReference; lastKnownFileType = sourcecode.c.h; path = "UITableView-Prefix.pch"; sourceTree = "<group>"; };
		35186846196B1052003AE419 /* AppDelegate.h */ = {isa = PBXFileReference; lastKnownFileType = sourcecode.c.h; path = AppDelegate.h; sourceTree = "<group>"; };
		35186847196B1052003AE419 /* AppDelegate.m */ = {isa = PBXFileReference; lastKnownFileType = sourcecode.c.objc; path = AppDelegate.m; sourceTree = "<group>"; };
		35186849196B1052003AE419 /* Images.xcassets */ = {isa = PBXFileReference; lastKnownFileType = folder.assetcatalog; path = Images.xcassets; sourceTree = "<group>"; };
		3518684F196B1052003AE419 /* UITableViewTests.xctest */ = {isa = PBXFileReference; explicitFileType = wrapper.cfbundle; includeInIndex = 0; path = UITableViewTests.xctest; sourceTree = BUILT_PRODUCTS_DIR; };
		35186850196B1052003AE419 /* XCTest.framework */ = {isa = PBXFileReference; lastKnownFileType = wrapper.framework; name = XCTest.framework; path = Library/Frameworks/XCTest.framework; sourceTree = DEVELOPER_DIR; };
		35186858196B1052003AE419 /* UITableViewTests-Info.plist */ = {isa = PBXFileReference; lastKnownFileType = text.plist.xml; path = "UITableViewTests-Info.plist"; sourceTree = "<group>"; };
		3518685A196B1052003AE419 /* en */ = {isa = PBXFileReference; lastKnownFileType = text.plist.strings; name = en; path = en.lproj/InfoPlist.strings; sourceTree = "<group>"; };
		3518685C196B1052003AE419 /* UITableViewTests.m */ = {isa = PBXFileReference; lastKnownFileType = sourcecode.c.objc; path = UITableViewTests.m; sourceTree = "<group>"; };
/* End PBXFileReference section */

/* Begin PBXFrameworksBuildPhase section */
		35186831196B1052003AE419 /* Frameworks */ = {
			isa = PBXFrameworksBuildPhase;
			buildActionMask = 2147483647;
			files = (
				3518683A196B1052003AE419 /* CoreGraphics.framework in Frameworks */,
				3518683C196B1052003AE419 /* UIKit.framework in Frameworks */,
				35186838196B1052003AE419 /* Foundation.framework in Frameworks */,
			);
			runOnlyForDeploymentPostprocessing = 0;
		};
		3518684C196B1052003AE419 /* Frameworks */ = {
			isa = PBXFrameworksBuildPhase;
			buildActionMask = 2147483647;
			files = (
				35186851196B1052003AE419 /* XCTest.framework in Frameworks */,
				35186853196B1052003AE419 /* UIKit.framework in Frameworks */,
				35186852196B1052003AE419 /* Foundation.framework in Frameworks */,
			);
			runOnlyForDeploymentPostprocessing = 0;
		};
/* End PBXFrameworksBuildPhase section */

/* Begin PBXGroup section */
		3518682B196B1052003AE419 = {
			isa = PBXGroup;
			children = (
				3518683D196B1052003AE419 /* UITableView */,
				35186856196B1052003AE419 /* UITableViewTests */,
				35186836196B1052003AE419 /* Frameworks */,
				35186835196B1052003AE419 /* Products */,
			);
			sourceTree = "<group>";
		};
		35186835196B1052003AE419 /* Products */ = {
			isa = PBXGroup;
			children = (
				35186834196B1052003AE419 /* UITableView.app */,
				3518684F196B1052003AE419 /* UITableViewTests.xctest */,
			);
			name = Products;
			sourceTree = "<group>";
		};
		35186836196B1052003AE419 /* Frameworks */ = {
			isa = PBXGroup;
			children = (
				35186837196B1052003AE419 /* Foundation.framework */,
				35186839196B1052003AE419 /* CoreGraphics.framework */,
				3518683B196B1052003AE419 /* UIKit.framework */,
				35186850196B1052003AE419 /* XCTest.framework */,
			);
			name = Frameworks;
			sourceTree = "<group>";
		};
		3518683D196B1052003AE419 /* UITableView */ = {
			isa = PBXGroup;
			children = (
				35186846196B1052003AE419 /* AppDelegate.h */,
				35186847196B1052003AE419 /* AppDelegate.m */,
				35186849196B1052003AE419 /* Images.xcassets */,
				3518683E196B1052003AE419 /* Supporting Files */,
			);
			path = UITableView;
			sourceTree = "<group>";
		};
		3518683E196B1052003AE419 /* Supporting Files */ = {
			isa = PBXGroup;
			children = (
				3518683F196B1052003AE419 /* UITableView-Info.plist */,
				35186840196B1052003AE419 /* InfoPlist.strings */,
				35186843196B1052003AE419 /* main.m */,
				35186845196B1052003AE419 /* UITableView-Prefix.pch */,
			);
			name = "Supporting Files";
			sourceTree = "<group>";
		};
		35186856196B1052003AE419 /* UITableViewTests */ = {
			isa = PBXGroup;
			children = (
				3518685C196B1052003AE419 /* UITableViewTests.m */,
				35186857196B1052003AE419 /* Supporting Files */,
			);
			path = UITableViewTests;
			sourceTree = "<group>";
		};
		35186857196B1052003AE419 /* Supporting Files */ = {
			isa = PBXGroup;
			children = (
				35186858196B1052003AE419 /* UITableViewTests-Info.plist */,
				35186859196B1052003AE419 /* InfoPlist.strings */,
			);
			name = "Supporting Files";
			sourceTree = "<group>";
		};
/* End PBXGroup section */

/* Begin PBXNativeTarget section */
		35186833196B1052003AE419 /* UITableView */ = {
			isa = PBXNativeTarget;
			buildConfigurationList = 35186860196B1052003AE419 /* Build configuration list for PBXNativeTarget "UITableView" */;
			buildPhases = (
				35186830196B1052003AE419 /* Sources */,
				35186831196B1052003AE419 /* Frameworks */,
				35186832196B1052003AE419 /* Resources */,
			);
			buildRules = (
			);
			dependencies = (
			);
			name = UITableView;
			productName = UITableView;
			productReference = 35186834196B1052003AE419 /* UITableView.app */;
			productType = "com.apple.product-type.application";
		};
		3518684E196B1052003AE419 /* UITableViewTests */ = {
			isa = PBXNativeTarget;
			buildConfigurationList = 35186863196B1052003AE419 /* Build configuration list for PBXNativeTarget "UITableViewTests" */;
			buildPhases = (
				3518684B196B1052003AE419 /* Sources */,
				3518684C196B1052003AE419 /* Frameworks */,
				3518684D196B1052003AE419 /* Resources */,
			);
			buildRules = (
			);
			dependencies = (
				35186855196B1052003AE419 /* PBXTargetDependency */,
			);
			name = UITableViewTests;
			productName = UITableViewTests;
			productReference = 3518684F196B1052003AE419 /* UITableViewTests.xctest */;
			productType = "com.apple.product-type.bundle.unit-test";
		};
/* End PBXNativeTarget section */

/* Begin PBXProject section */
		3518682C196B1052003AE419 /* Project object */ = {
			isa = PBXProject;
			attributes = {
				LastUpgradeCheck = 0510;
				ORGANIZATIONNAME = Rahul;
				TargetAttributes = {
					3518684E196B1052003AE419 = {
						TestTargetID = 35186833196B1052003AE419;
					};
				};
			};
			buildConfigurationList = 3518682F196B1052003AE419 /* Build configuration list for PBXProject "UITableView" */;
			compatibilityVersion = "Xcode 3.2";
			developmentRegion = English;
			hasScannedForEncodings = 0;
			knownRegions = (
				en,
			);
			mainGroup = 3518682B196B1052003AE419;
			productRefGroup = 35186835196B1052003AE419 /* Products */;
			projectDirPath = "";
			projectRoot = "";
			targets = (
				35186833196B1052003AE419 /* UITableView */,
				3518684E196B1052003AE419 /* UITableViewTests */,
			);
		};
/* End PBXProject section */

/* Begin PBXResourcesBuildPhase section */
		35186832196B1052003AE419 /* Resources */ = {
			isa = PBXResourcesBuildPhase;
			buildActionMask = 2147483647;
			files = (
				35186842196B1052003AE419 /* InfoPlist.strings in Resources */,
				3518684A196B1052003AE419 /* Images.xcassets in Resources */,
			);
			runOnlyForDeploymentPostprocessing = 0;
		};
		3518684D196B1052003AE419 /* Resources */ = {
			isa = PBXResourcesBuildPhase;
			buildActionMask = 2147483647;
			files = (
				3518685B196B1052003AE419 /* InfoPlist.strings in Resources */,
			);
			runOnlyForDeploymentPostprocessing = 0;
		};
/* End PBXResourcesBuildPhase section */

/* Begin PBXSourcesBuildPhase section */
		35186830196B1052003AE419 /* Sources */ = {
			isa = PBXSourcesBuildPhase;
			buildActionMask = 2147483647;
			files = (
				35186848196B1052003AE419 /* AppDelegate.m in Sources */,
				35186844196B1052003AE419 /* main.m in Sources */,
			);
			runOnlyForDeploymentPostprocessing = 0;
		};
		3518684B196B1052003AE419 /* Sources */ = {
			isa = PBXSourcesBuildPhase;
			buildActionMask = 2147483647;
			files = (
				3518685D196B1052003AE419 /* UITableViewTests.m in Sources */,
			);
			runOnlyForDeploymentPostprocessing = 0;
		};
/* End PBXSourcesBuildPhase section */

/* Begin PBXTargetDependency section */
		35186855196B1052003AE419 /* PBXTargetDependency */ = {
			isa = PBXTargetDependency;
			target = 35186833196B1052003AE419 /* UITableView */;
			targetProxy = 35186854196B1052003AE419 /* PBXContainerItemProxy */;
		};
/* End PBXTargetDependency section */

/* Begin PBXVariantGroup section */
		35186840196B1052003AE419 /* InfoPlist.strings */ = {
			isa = PBXVariantGroup;
			children = (
				35186841196B1052003AE419 /* en */,
			);
			name = InfoPlist.strings;
			sourceTree = "<group>";
		};
		35186859196B1052003AE419 /* InfoPlist.strings */ = {
			isa = PBXVariantGroup;
			children = (
				3518685A196B1052003AE419 /* en */,
			);
			name = InfoPlist.strings;
			sourceTree = "<group>";
		};
/* End PBXVariantGroup section */

/* Begin XCBuildConfiguration section */
		3518685E196B1052003AE419 /* Debug */ = {
			isa = XCBuildConfiguration;
			buildSettings = {
				ALWAYS_SEARCH_USER_PATHS = NO;
				CLANG_CXX_LANGUAGE_STANDARD = "gnu++0x";
				CLANG_CXX_LIBRARY = "libc++";
				CLANG_ENABLE_MODULES = YES;
				CLANG_ENABLE_OBJC_ARC = YES;
				CLANG_WARN_BOOL_CONVERSION = YES;
				CLANG_WARN_CONSTANT_CONVERSION = YES;
				CLANG_WARN_DIRECT_OBJC_ISA_USAGE = YES_ERROR;
				CLANG_WARN_EMPTY_BODY = YES;
				CLANG_WARN_ENUM_CONVERSION = YES;
				CLANG_WARN_INT_CONVERSION = YES;
				CLANG_WARN_OBJC_ROOT_CLASS = YES_ERROR;
				CLANG_WARN__DUPLICATE_METHOD_MATCH = YES;
				"CODE_SIGN_IDENTITY[sdk=iphoneos*]" = "iPhone Developer";
				COPY_PHASE_STRIP = NO;
				GCC_C_LANGUAGE_STANDARD = gnu99;
				GCC_DYNAMIC_NO_PIC = NO;
				GCC_OPTIMIZATION_LEVEL = 0;
				GCC_PREPROCESSOR_DEFINITIONS = (
					"DEBUG=1",
					"$(inherited)",
				);
				GCC_SYMBOLS_PRIVATE_EXTERN = NO;
				GCC_WARN_64_TO_32_BIT_CONVERSION = YES;
				GCC_WARN_ABOUT_RETURN_TYPE = YES_ERROR;
				GCC_WARN_UNDECLARED_SELECTOR = YES;
				GCC_WARN_UNINITIALIZED_AUTOS = YES_AGGRESSIVE;
				GCC_WARN_UNUSED_FUNCTION = YES;
				GCC_WARN_UNUSED_VARIABLE = YES;
				IPHONEOS_DEPLOYMENT_TARGET = 7.1;
				ONLY_ACTIVE_ARCH = YES;
				SDKROOT = iphoneos;
				TARGETED_DEVICE_FAMILY = "1,2";
			};
			name = Debug;
		};
		3518685F196B1052003AE419 /* Release */ = {
			isa = XCBuildConfiguration;
			buildSettings = {
				ALWAYS_SEARCH_USER_PATHS = NO;
				CLANG_CXX_LANGUAGE_STANDARD = "gnu++0x";
				CLANG_CXX_LIBRARY = "libc++";
				CLANG_ENABLE_MODULES = YES;
				CLANG_ENABLE_OBJC_ARC = YES;
				CLANG_WARN_BOOL_CONVERSION = YES;
				CLANG_WARN_CONSTANT_CONVERSION = YES;
				CLANG_WARN_DIRECT_OBJC_ISA_USAGE = YES_ERROR;
				CLANG_WARN_EMPTY_BODY = YES;
				CLANG_WARN_ENUM_CONVERSION = YES;
				CLANG_WARN_INT_CONVERSION = YES;
				CLANG_WARN_OBJC_ROOT_CLASS = YES_ERROR;
				CLANG_WARN__DUPLICATE_METHOD_MATCH = YES;
				"CODE_SIGN_IDENTITY[sdk=iphoneos*]" = "iPhone Developer";
				COPY_PHASE_STRIP = YES;
				ENABLE_NS_ASSERTIONS = NO;
				GCC_C_LANGUAGE_STANDARD = gnu99;
				GCC_WARN_64_TO_32_BIT_CONVERSION = YES;
				GCC_WARN_ABOUT_RETURN_TYPE = YES_ERROR;
				GCC_WARN_UNDECLARED_SELECTOR = YES;
				GCC_WARN_UNINITIALIZED_AUTOS = YES_AGGRESSIVE;
				GCC_WARN_UNUSED_FUNCTION = YES;
				GCC_WARN_UNUSED_VARIABLE = YES;
				IPHONEOS_DEPLOYMENT_TARGET = 7.1;
				SDKROOT = iphoneos;
				TARGETED_DEVICE_FAMILY = "1,2";
				VALIDATE_PRODUCT = YES;
			};
			name = Release;
		};
		35186861196B1052003AE419 /* Debug */ = {
			isa = XCBuildConfiguration;
			buildSettings = {
				ASSETCATALOG_COMPILER_APPICON_NAME = AppIcon;
				ASSETCATALOG_COMPILER_LAUNCHIMAGE_NAME = LaunchImage;
				GCC_PRECOMPILE_PREFIX_HEADER = YES;
				GCC_PREFIX_HEADER = "UITableView/UITableView-Prefix.pch";
				INFOPLIST_FILE = "UITableView/UITableView-Info.plist";
				PRODUCT_NAME = "$(TARGET_NAME)";
				WRAPPER_EXTENSION = app;
			};
			name = Debug;
		};
		35186862196B1052003AE419 /* Release */ = {
			isa = XCBuildConfiguration;
			buildSettings = {
				ASSETCATALOG_COMPILER_APPICON_NAME = AppIcon;
				ASSETCATALOG_COMPILER_LAUNCHIMAGE_NAME = LaunchImage;
				GCC_PRECOMPILE_PREFIX_HEADER = YES;
				GCC_PREFIX_HEADER = "UITableView/UITableView-Prefix.pch";
				INFOPLIST_FILE = "UITableView/UITableView-Info.plist";
				PRODUCT_NAME = "$(TARGET_NAME)";
				WRAPPER_EXTENSION = app;
			};
			name = Release;
		};
		35186864196B1052003AE419 /* Debug */ = {
			isa = XCBuildConfiguration;
			buildSettings = {
				BUNDLE_LOADER = "$(BUILT_PRODUCTS_DIR)/UITableView.app/UITableView";
				FRAMEWORK_SEARCH_PATHS = (
					"$(SDKROOT)/Developer/Library/Frameworks",
					"$(inherited)",
					"$(DEVELOPER_FRAMEWORKS_DIR)",
				);
				GCC_PRECOMPILE_PREFIX_HEADER = YES;
				GCC_PREFIX_HEADER = "UITableView/UITableView-Prefix.pch";
				GCC_PREPROCESSOR_DEFINITIONS = (
					"DEBUG=1",
					"$(inherited)",
				);
				INFOPLIST_FILE = "UITableViewTests/UITableViewTests-Info.plist";
				PRODUCT_NAME = "$(TARGET_NAME)";
				TEST_HOST = "$(BUNDLE_LOADER)";
				WRAPPER_EXTENSION = xctest;
			};
			name = Debug;
		};
		35186865196B1052003AE419 /* Release */ = {
			isa = XCBuildConfiguration;
			buildSettings = {
				BUNDLE_LOADER = "$(BUILT_PRODUCTS_DIR)/UITableView.app/UITableView";
				FRAMEWORK_SEARCH_PATHS = (
					"$(SDKROOT)/Developer/Library/Frameworks",
					"$(inherited)",
					"$(DEVELOPER_FRAMEWORKS_DIR)",
				);
				GCC_PRECOMPILE_PREFIX_HEADER = YES;
				GCC_PREFIX_HEADER = "UITableView/UITableView-Prefix.pch";
				INFOPLIST_FILE = "UITableViewTests/UITableViewTests-Info.plist";
				PRODUCT_NAME = "$(TARGET_NAME)";
				TEST_HOST = "$(BUNDLE_LOADER)";
				WRAPPER_EXTENSION = xctest;
			};
			name = Release;
		};
/* End XCBuildConfiguration section */

/* Begin XCConfigurationList section */
		3518682F196B1052003AE419 /* Build configuration list for PBXProject "UITableView" */ = {
			isa = XCConfigurationList;
			buildConfigurations = (
				3518685E196B1052003AE419 /* Debug */,
				3518685F196B1052003AE419 /* Release */,
			);
			defaultConfigurationIsVisible = 0;
			defaultConfigurationName = Release;
		};
		35186860196B1052003AE419 /* Build configuration list for PBXNativeTarget "UITableView" */ = {
			isa = XCConfigurationList;
			buildConfigurations = (
				35186861196B1052003AE419 /* Debug */,
				35186862196B1052003AE419 /* Release */,
			);
			defaultConfigurationIsVisible = 0;
		};
		35186863196B1052003AE419 /* Build configuration list for PBXNativeTarget "UITableViewTests" */ = {
			isa = XCConfigurationList;
			buildConfigurations = (
				35186864196B1052003AE419 /* Debug */,
				35186865196B1052003AE419 /* Release */,
			);
			defaultConfigurationIsVisible = 0;
		};
/* End XCConfigurationList section */
	};
	rootObject = 3518682C196B1052003AE419 /* Project object */;
}
